
Microsoft Visual Studio Solution File, Format Version 12.00
# Visual Studio Version 16
VisualStudioVersion = 16.0.30330.147
MinimumVisualStudioVersion = 10.0.40219.1
Project("{FAE04EC0-301F-11D3-BF4B-00C04F79EFBC}") = "Exercicio2- 07-08", "Exercicio2- 07-08\Exercicio2- 07-08.csproj", "{AA562EFF-AA1B-47C1-BDA7-35D5E8CB547A}"
EndProject
Global
	GlobalSection(SolutionConfigurationPlatforms) = preSolution
		Debug|Any CPU = Debug|Any CPU
		Release|Any CPU = Release|Any CPU
	EndGlobalSection
	GlobalSection(ProjectConfigurationPlatforms) = postSolution
		{AA562EFF-AA1B-47C1-BDA7-35D5E8CB547A}.Debug|Any CPU.ActiveCfg = Debug|Any CPU
		{AA562EFF-AA1B-47C1-BDA7-35D5E8CB547A}.Debug|Any CPU.Build.0 = Debug|Any CPU
		{AA562EFF-AA1B-47C1-BDA7-35D5E8CB547A}.Release|Any CPU.ActiveCfg = Release|Any CPU
		{AA562EFF-AA1B-47C1-BDA7-35D5E8CB547A}.Release|Any CPU.Build.0 = Release|Any CPU
	EndGlobalSection
	GlobalSection(SolutionProperties) = preSolution
		HideSolutionNode = FALSE
	EndGlobalSection
	GlobalSection(ExtensibilityGlobals) = postSolution
		SolutionGuid = {19B6ED6A-00C8-4B9E-9D37-82667BD0A868}
	EndGlobalSection
EndGlobal
