
Microsoft Visual Studio Solution File, Format Version 12.00
# Visual Studio Version 16
VisualStudioVersion = 16.0.30330.147
MinimumVisualStudioVersion = 10.0.40219.1
Project("{FAE04EC0-301F-11D3-BF4B-00C04F79EFBC}") = "Exercicio 3 -  07 09", "Exercicio 3 -  07 09\Exercicio 3 -  07 09.csproj", "{21A8A8D6-46F2-4A2F-BA13-2658B073817A}"
EndProject
Global
	GlobalSection(SolutionConfigurationPlatforms) = preSolution
		Debug|Any CPU = Debug|Any CPU
		Release|Any CPU = Release|Any CPU
	EndGlobalSection
	GlobalSection(ProjectConfigurationPlatforms) = postSolution
		{21A8A8D6-46F2-4A2F-BA13-2658B073817A}.Debug|Any CPU.ActiveCfg = Debug|Any CPU
		{21A8A8D6-46F2-4A2F-BA13-2658B073817A}.Debug|Any CPU.Build.0 = Debug|Any CPU
		{21A8A8D6-46F2-4A2F-BA13-2658B073817A}.Release|Any CPU.ActiveCfg = Release|Any CPU
		{21A8A8D6-46F2-4A2F-BA13-2658B073817A}.Release|Any CPU.Build.0 = Release|Any CPU
	EndGlobalSection
	GlobalSection(SolutionProperties) = preSolution
		HideSolutionNode = FALSE
	EndGlobalSection
	GlobalSection(ExtensibilityGlobals) = postSolution
		SolutionGuid = {E445130F-59D3-4490-BC95-0AF9D2B23534}
	EndGlobalSection
EndGlobal
